
Microsoft Visual Studio Solution File, Format Version 12.00
# Visual Studio Version 17
VisualStudioVersion = 17.6.33723.286
MinimumVisualStudioVersion = 10.0.40219.1
Project("{9A19103F-16F7-4668-BE54-9A1E7A4F7556}") = "PillCat", "PillCat\PillCat.csproj", "{6FB0CA1B-5C5F-4B18-90A3-36F65DEB4A80}"
EndProject
Project("{9A19103F-16F7-4668-BE54-9A1E7A4F7556}") = "PillCat.Facades", "PillCat.Facades\PillCat.Facades.csproj", "{0927563E-F067-4C76-9EF5-364E0E31BD86}"
EndProject
Project("{9A19103F-16F7-4668-BE54-9A1E7A4F7556}") = "PillCat.Models", "PillCat.Models\PillCat.Models.csproj", "{6E91B7D3-4C13-4E53-A718-1E87914FAA6B}"
EndProject
Project("{FAE04EC0-301F-11D3-BF4B-00C04F79EFBC}") = "PillCat.Services", "PillCat.Services\PillCat.Services.csproj", "{E505DCBE-3A5D-4BC5-A093-43270BB46B93}"
EndProject
Global
	GlobalSection(SolutionConfigurationPlatforms) = preSolution
		Debug|Any CPU = Debug|Any CPU
		Release|Any CPU = Release|Any CPU
	EndGlobalSection
	GlobalSection(ProjectConfigurationPlatforms) = postSolution
		{6FB0CA1B-5C5F-4B18-90A3-36F65DEB4A80}.Debug|Any CPU.ActiveCfg = Debug|Any CPU
		{6FB0CA1B-5C5F-4B18-90A3-36F65DEB4A80}.Debug|Any CPU.Build.0 = Debug|Any CPU
		{6FB0CA1B-5C5F-4B18-90A3-36F65DEB4A80}.Release|Any CPU.ActiveCfg = Release|Any CPU
		{6FB0CA1B-5C5F-4B18-90A3-36F65DEB4A80}.Release|Any CPU.Build.0 = Release|Any CPU
		{0927563E-F067-4C76-9EF5-364E0E31BD86}.Debug|Any CPU.ActiveCfg = Debug|Any CPU
		{0927563E-F067-4C76-9EF5-364E0E31BD86}.Debug|Any CPU.Build.0 = Debug|Any CPU
		{0927563E-F067-4C76-9EF5-364E0E31BD86}.Release|Any CPU.ActiveCfg = Release|Any CPU
		{0927563E-F067-4C76-9EF5-364E0E31BD86}.Release|Any CPU.Build.0 = Release|Any CPU
		{6E91B7D3-4C13-4E53-A718-1E87914FAA6B}.Debug|Any CPU.ActiveCfg = Debug|Any CPU
		{6E91B7D3-4C13-4E53-A718-1E87914FAA6B}.Debug|Any CPU.Build.0 = Debug|Any CPU
		{6E91B7D3-4C13-4E53-A718-1E87914FAA6B}.Release|Any CPU.ActiveCfg = Release|Any CPU
		{6E91B7D3-4C13-4E53-A718-1E87914FAA6B}.Release|Any CPU.Build.0 = Release|Any CPU
		{E505DCBE-3A5D-4BC5-A093-43270BB46B93}.Debug|Any CPU.ActiveCfg = Debug|Any CPU
		{E505DCBE-3A5D-4BC5-A093-43270BB46B93}.Debug|Any CPU.Build.0 = Debug|Any CPU
		{E505DCBE-3A5D-4BC5-A093-43270BB46B93}.Release|Any CPU.ActiveCfg = Release|Any CPU
		{E505DCBE-3A5D-4BC5-A093-43270BB46B93}.Release|Any CPU.Build.0 = Release|Any CPU
	EndGlobalSection
	GlobalSection(SolutionProperties) = preSolution
		HideSolutionNode = FALSE
	EndGlobalSection
	GlobalSection(ExtensibilityGlobals) = postSolution
		SolutionGuid = {0322B847-8487-4AAC-960D-16E105547877}
	EndGlobalSection
EndGlobal
